
Microsoft Visual Studio Solution File, Format Version 12.00
# Visual Studio Version 16
VisualStudioVersion = 16.0.30711.63
MinimumVisualStudioVersion = 10.0.40219.1
Project("{FAE04EC0-301F-11D3-BF4B-00C04F79EFBC}") = "KidShopOnline", "KidShopOnline\KidShopOnline.csproj", "{627BBDA2-06D9-4FD1-9F77-0350924EF15D}"
EndProject
Global
	GlobalSection(SolutionConfigurationPlatforms) = preSolution
		Debug|Any CPU = Debug|Any CPU
		Release|Any CPU = Release|Any CPU
	EndGlobalSection
	GlobalSection(ProjectConfigurationPlatforms) = postSolution
		{627BBDA2-06D9-4FD1-9F77-0350924EF15D}.Debug|Any CPU.ActiveCfg = Debug|Any CPU
		{627BBDA2-06D9-4FD1-9F77-0350924EF15D}.Debug|Any CPU.Build.0 = Debug|Any CPU
		{627BBDA2-06D9-4FD1-9F77-0350924EF15D}.Release|Any CPU.ActiveCfg = Release|Any CPU
		{627BBDA2-06D9-4FD1-9F77-0350924EF15D}.Release|Any CPU.Build.0 = Release|Any CPU
	EndGlobalSection
	GlobalSection(SolutionProperties) = preSolution
		HideSolutionNode = FALSE
	EndGlobalSection
	GlobalSection(ExtensibilityGlobals) = postSolution
		SolutionGuid = {9D054EEF-EB6F-46B6-847E-55A155ED7A8A}
	EndGlobalSection
EndGlobal
